github.com/bytedance/sonic v1.9.1 h1:6iJ6NqdoxCDr6mbY8h18oPdUXc7985As1EedfiDpL30=
github.com/bytedance/sonic v1.9.1/go.mod h1:i736FoK9XWzUtYVQEKKyA5qqihwSpgoFp8N2889ERm4=
github.com/chenzhuoyu/base64x v0.0.0-20221115062448-fe3a3abad311 h1:qwb65Z35zVjF21sO2cT02m90DkX70g4y9vXW2VMcQGg=
github.com/chenzhuoyu/base64x v0.0.0-20221115062448-fe3a3abad311/go.mod h1:b583jDAwpjIm4bbAnGh0upsEk685Mv89Yb5aEC1uB5M=
github.com/gabriel-vasile/mimetype v1.4.2 h1:G2exdBD5TyEsE30cObw5c5lVxgVT0fbxAG56249A600=
github.com/gabriel-vasile/mimetype v1.4.2/go.mod h1:4c9334HwOEvfddgB+5wDqi7ecKBMnS5sH08Zf20gIeE=
github.com/gin-contrib/cors v1.7.2 h1:7b60gDsg68mD8tI4u6Zf9N7fPz9gDshg1G585v7hW6s=
github.com/gin-contrib/cors v1.7.2/go.mod h1:O5m616/bsh6fB6Q/N86M0YfbeCo+q9bF7Yw7pW1f03s=
github.com/gin-contrib/sse v0.1.0 h1:Y/yl/+YNO8GZSjAhjMsSuLt29uWRFHdHYUb5lYOV9qE=
github.com/gin-contrib/sse v0.1.0/go.mod h1:Xz1dV3YKVWLIBhoBBGwjINIZc0RYO5sh5mDeL9UNY54=
github.com/gin-gonic/gin v1.9.1 h1:4idEAncQnU5cB7BeOkPtxjfCSye0AAm1R0RVIqJ+Jmg=
github.com/gin-gonic/gin v1.9.1/go.mod h1:hPrL7YrpYKXt5YId3A/Tnip5kqbEAP+KLuI3SUcPTeU=
github.com/go-playground/locales v0.14.1 h1:dH2Gxg3440B+m978G44ISXk900S2CQ4BnFSkZ2/rchA=
github.com/go-playground/locales v0.14.1/go.mod h1:hxLNzXqE7mGHENGD5k34rVdUYF5lXF0l51j95w58M40=
github.com/go-playground/universal-translator v0.18.1 h1:Bcnm0ZwsGyWbshAnLo98FAXFS1ps1fjkqBjkTWoDoS4=
github.com/go-playground/universal-translator v0.18.1/go.mod h1:xbeTR20rR+8VDhpMxDqgGQQ252orRv91yoBvpET4MGk=
github.com/go-playground/validator/v10 v1.14.0 h1:pH2cO1bO7O19488VBO7G1d9B52u6dsu8QldfAiz92m4=
github.com/go-playground/validator/v10 v1.14.0/go.mod h1:9iXM2sJstr9J8oD21cECc7s5VOmYT5u86QpRJpW4vV8=
github.com/goccy/go-json v0.10.2 h1:CrXnMWoVPV7F56ycEc75Pgmtnr274vK8uFi/zEQUz0U=
github.com/goccy/go-json v0.10.2/go.mod h1:6MelG93GURJu/fBkuFp4bkyHNuWQGYpk5i2v8cWQ7yw=
github.com/golang-jwt/jwt/v5 v5.2.1 h1:OUbyU8Z2vODX0f6zfe5bV0EksYgXgV79vA39m3LshS0=
github.com/golang-jwt/jwt/v5 v5.2.1/go.mod h1:9XjH1S6zf/pAszR51bYdZlypA7jH5ZpIuM85F8xbe4c=
github.com/google/uuid v1.6.0 h1:NIroHHngm9Z6vH8S8D9LgKj2/FhshO8mK85mHIs/S74=
github.com/google/uuid v1.6.0/go.mod h1:TI9O0s846w8t8/fCYU94F9GZ6BqjEitwL0L3eD1jD60=
github.com/joho/godotenv v1.5.1 h1:7eLL/+HRGLY0ldzfGMeQkb7vMd0as4CfYvUVzLqw0N0=
github.com/joho/godotenv v1.5.1/go.mod h1:f4LDr5Voq0i2e/R5DDNOoa2zzDfwtkZa6DnEwAbqwq4=
github.com/json-iterator/go v1.1.12 h1:PVx3c7Xe8JYz7rOeFwam+iWM4TWw7qQE8Je5BVUjH80=
github.com/json-iterator/go v1.1.12/go.mod h1:e30LSqwooZae/UwlEkR2852787xhW5AuybMIFy6Cmis=
github.com/klauspost/cpuid/v2 v2.2.4 h1:acBgeSQpmjLOEBuO9B07IQn+6sV996pM5N8rYd4g7hE=
github.com/klauspost/cpuid/v2 v2.2.4/go.mod h1:RVVoC1cKLA729y6f554cCGt24x1NchKA2j1I55G57+0=
github.com/leodido/go-urn v1.2.4 h1:XjAE/cm/ms7TE/M3VlRO5eOy6FNTIuGQuNZ5ZHqLa18=
github.com/leodido/go-urn v1.2.4/go.mod h1:7ZrIOMJA6qqKKVN5G5Vqxo644GlT5uQ5+5+7U3a8fQ4=
github.com/lib/pq v1.10.9 h1:YXG7RB+JIjhP29X+OtkiDnYaXQwpS4JEWq7dtCCRUEw=
github.com/lib/pq v1.10.9/go.mod h1:AlVN5x4E4T544tWzH6hKfbfQvm3HdbOxrmggDNAPY9o=
github.com/mattn/go-isatty v0.0.19 h1:JITubQf0MOLdlGRuRq+jtsDlekdYPia9ZFsB8h/APPA=
github.com/mattn/go-isatty v0.0.19/go.mod h1:W+V8PlUWRc5w1VnTXcWtd3EfaJUpc98SvaOBu1qxJfs=
github.com/modern-go/concurrent v0.0.0-20180306012644-bacd9c7ef1dd h1:TRLaZ9cD/w8PVh93nsPXa1VrF6jlwL5oN8l34H35NEU=
github.com/modern-go/concurrent v0.0.0-20180306012644-bacd9c7ef1dd/go.mod h1:6dJC0mAP4ikYIbvyc7fGsLQKcxaABSERPhqbYEG6Yyc=
github.com/modern-go/reflect2 v1.0.2 h1:xBvWkJf36SkHsQj7LYwTuqn/vlc+GhgK6Qz7gQmW8qE=
github.com/modern-go/reflect2 v1.0.2/go.mod h1:yCY7rlDH9SFBxs8fDkhE21WMTaZYNXc9AL11uNPPasI=
github.com/pelletier/go-toml/v2 v2.0.8 h1:gc1kV4UqLWVQNThJXh8pOHvR9v9qyqS98vM69cJkA9Q=
github.com/pelletier/go-toml/v2 v2.0.8/go.mod h1:vuYfssBdrWIsW89USMWh8yH5d/L3f3242rGWoB/MntY=
github.com/twitchyliquid64/golang-asm v0.15.1 h1:SU5vSMR7C9eR+SS19bJK57UjDUNPoZCH9mWvtuPa654=
github.com/twitchyliquid64/golang-asm v0.15.1/go.mod h1:a5lVAbcHgRVyGE68p31sU0Q8LIizKwcgklsubfSguiY=
github.com/ugorji/go/codec v1.2.11 h1:BMaWp1GtGyfJuSfWWAsWjQO1Agwk9v605TlW512Yr7c=
github.com/ugorji/go/codec v1.2.11/go.mod h1:UNJuO36N5phU7V9c9zD0vGed0I9L2j8B3SpqKkKOh/c=
golang.org/x/arch v0.3.0 h1:02jn4eyef5vjnimB48XwS1SBct0U1D1Idu89O1EwXJk=
golang.org/x/arch v0.3.0/go.mod h1:5t8GxgmZuUmiA47m0W8cM7QeKj59F34s+nCEvO0L6+c=
golang.org/x/crypto v0.23.0 h1:dI606HFB7itp9C6D/Vlpt+y4A34gC/BfA2w6mIitYls=
golang.org/x/crypto v0.23.0/go.mod h1:p959MvAn2Sg9+8Mof7I5DntgcoFwN0fV3WwK/8AAnvs=
golang.org/x/net v0.21.0 h1:z5CRVTTUrj+JSMbVl664QyEqx03KfbDq8d89sW2U/S0=
golang.org/x/net v0.21.0/go.mod h1:OX0qbKo5Di67WcOk1f83Exo225Abs4N1TFRZkugNoT8=
golang.org/x/sys v0.18.0 h1:DBm3fL3477KV1mZe071cH1ZCD7YHJN72c+o6kAcnjCI=
golang.org/x/sys v0.18.0/go.mod h1:/VUeB5+R47SngWalQOWBJu7Awz85Ccyf80L5s3c/jMw=
golang.org/x/text v0.14.0 h1:Sc204gNXhQqK6R5+/C6w9cQIcKA/GfXkw1U15fW3CjM=
golang.org/x/text v0.14.0/go.mod h1:18g1WupJ2HYzfZIzalkE3zGQ5QQG0AR05gVyF4dx+4c=
google.golang.org/protobuf v1.30.0 h1:kP7Gctaeo3GgdtB8mtyrevWpWOacT47gNf+h1WdO3cA=
google.golang.org/protobuf v1.30.0/go.mod h1:HV8QOd/L58Z+nl8r83M8c1KN8s4TWZKiSEr9H60Dvkc=
gopkg.in/yaml.v3 v3.0.1 h1:fxVm/GzAzEWcMxH1EwJUFr0qA3rTy/J399VdEBJ5eBM=
gopkg.in/yaml.v3 v3.0.1/go.mod h1:K4uyk7z7BCEPqu6E+C64Yfv1cQ7kz7rIZviUmN+KVcM=
